
Microsoft Visual Studio Solution File, Format Version 12.00
# Visual Studio Version 17
VisualStudioVersion = 17.5.33502.453
MinimumVisualStudioVersion = 10.0.40219.1
Project("{FAE04EC0-301F-11D3-BF4B-00C04F79EFBC}") = "Horario exercicio", "Horario exercicio\Horario exercicio.csproj", "{F57AD373-35BC-4A9A-9488-FE60B6D9C4EF}"
EndProject
Global
	GlobalSection(SolutionConfigurationPlatforms) = preSolution
		Debug|Any CPU = Debug|Any CPU
		Release|Any CPU = Release|Any CPU
	EndGlobalSection
	GlobalSection(ProjectConfigurationPlatforms) = postSolution
		{F57AD373-35BC-4A9A-9488-FE60B6D9C4EF}.Debug|Any CPU.ActiveCfg = Debug|Any CPU
		{F57AD373-35BC-4A9A-9488-FE60B6D9C4EF}.Debug|Any CPU.Build.0 = Debug|Any CPU
		{F57AD373-35BC-4A9A-9488-FE60B6D9C4EF}.Release|Any CPU.ActiveCfg = Release|Any CPU
		{F57AD373-35BC-4A9A-9488-FE60B6D9C4EF}.Release|Any CPU.Build.0 = Release|Any CPU
	EndGlobalSection
	GlobalSection(SolutionProperties) = preSolution
		HideSolutionNode = FALSE
	EndGlobalSection
	GlobalSection(ExtensibilityGlobals) = postSolution
		SolutionGuid = {46B0B269-437C-4F30-A38E-F13E0793D372}
	EndGlobalSection
EndGlobal
